
Microsoft Visual Studio Solution File, Format Version 12.00
# Visual Studio Version 17
VisualStudioVersion = 17.14.36401.2 d17.14
MinimumVisualStudioVersion = 10.0.40219.1
Project("{FAE04EC0-301F-11D3-BF4B-00C04F79EFBC}") = "NET24FilmBorrowSystem", "NET24FilmBorrowSystem.csproj", "{2205B853-823A-47BB-9A5B-A886DC3F4CB8}"
EndProject
Global
	GlobalSection(SolutionConfigurationPlatforms) = preSolution
		Debug|Any CPU = Debug|Any CPU
		Release|Any CPU = Release|Any CPU
	EndGlobalSection
	GlobalSection(ProjectConfigurationPlatforms) = postSolution
		{2205B853-823A-47BB-9A5B-A886DC3F4CB8}.Debug|Any CPU.ActiveCfg = Debug|Any CPU
		{2205B853-823A-47BB-9A5B-A886DC3F4CB8}.Debug|Any CPU.Build.0 = Debug|Any CPU
		{2205B853-823A-47BB-9A5B-A886DC3F4CB8}.Release|Any CPU.ActiveCfg = Release|Any CPU
		{2205B853-823A-47BB-9A5B-A886DC3F4CB8}.Release|Any CPU.Build.0 = Release|Any CPU
	EndGlobalSection
	GlobalSection(SolutionProperties) = preSolution
		HideSolutionNode = FALSE
	EndGlobalSection
	GlobalSection(ExtensibilityGlobals) = postSolution
		SolutionGuid = {6B1C667D-209C-4834-8316-F0654D2C699B}
	EndGlobalSection
EndGlobal
